
Microsoft Visual Studio Solution File, Format Version 12.00
# Visual Studio Version 17
VisualStudioVersion = 17.14.36518.9 d17.14
MinimumVisualStudioVersion = 10.0.40219.1
Project("{FAE04EC0-301F-11D3-BF4B-00C04F79EFBC}") = "Restaurant", "Restaurant\Restaurant.csproj", "{D76D0A4B-1646-4B54-B330-1C0EB2923569}"
EndProject
Global
	GlobalSection(SolutionConfigurationPlatforms) = preSolution
		Debug|Any CPU = Debug|Any CPU
		Release|Any CPU = Release|Any CPU
	EndGlobalSection
	GlobalSection(ProjectConfigurationPlatforms) = postSolution
		{D76D0A4B-1646-4B54-B330-1C0EB2923569}.Debug|Any CPU.ActiveCfg = Debug|Any CPU
		{D76D0A4B-1646-4B54-B330-1C0EB2923569}.Debug|Any CPU.Build.0 = Debug|Any CPU
		{D76D0A4B-1646-4B54-B330-1C0EB2923569}.Release|Any CPU.ActiveCfg = Release|Any CPU
		{D76D0A4B-1646-4B54-B330-1C0EB2923569}.Release|Any CPU.Build.0 = Release|Any CPU
	EndGlobalSection
	GlobalSection(SolutionProperties) = preSolution
		HideSolutionNode = FALSE
	EndGlobalSection
	GlobalSection(ExtensibilityGlobals) = postSolution
		SolutionGuid = {D803BF9B-C361-4669-83A6-09514356486D}
	EndGlobalSection
EndGlobal
